
Microsoft Visual Studio Solution File, Format Version 12.00
# Visual Studio Version 17
VisualStudioVersion = 17.11.35431.28
MinimumVisualStudioVersion = 10.0.40219.1
Project("{FAE04EC0-301F-11D3-BF4B-00C04F79EFBC}") = "YourPixel", "YourPixel\YourPixel\YourPixel.csproj", "{E1EDCCD2-0F8B-40C5-B574-32143C5F7454}"
EndProject
Project("{FAE04EC0-301F-11D3-BF4B-00C04F79EFBC}") = "YourPixel.Client", "YourPixel\YourPixel.Client\YourPixel.Client.csproj", "{619E1DEF-D448-4FC1-A2ED-22F68D58F8EA}"
EndProject
Global
	GlobalSection(SolutionConfigurationPlatforms) = preSolution
		Debug|Any CPU = Debug|Any CPU
		Release|Any CPU = Release|Any CPU
	EndGlobalSection
	GlobalSection(ProjectConfigurationPlatforms) = postSolution
		{E1EDCCD2-0F8B-40C5-B574-32143C5F7454}.Debug|Any CPU.ActiveCfg = Debug|Any CPU
		{E1EDCCD2-0F8B-40C5-B574-32143C5F7454}.Debug|Any CPU.Build.0 = Debug|Any CPU
		{E1EDCCD2-0F8B-40C5-B574-32143C5F7454}.Release|Any CPU.ActiveCfg = Release|Any CPU
		{E1EDCCD2-0F8B-40C5-B574-32143C5F7454}.Release|Any CPU.Build.0 = Release|Any CPU
		{619E1DEF-D448-4FC1-A2ED-22F68D58F8EA}.Debug|Any CPU.ActiveCfg = Debug|Any CPU
		{619E1DEF-D448-4FC1-A2ED-22F68D58F8EA}.Debug|Any CPU.Build.0 = Debug|Any CPU
		{619E1DEF-D448-4FC1-A2ED-22F68D58F8EA}.Release|Any CPU.ActiveCfg = Release|Any CPU
		{619E1DEF-D448-4FC1-A2ED-22F68D58F8EA}.Release|Any CPU.Build.0 = Release|Any CPU
	EndGlobalSection
	GlobalSection(SolutionProperties) = preSolution
		HideSolutionNode = FALSE
	EndGlobalSection
	GlobalSection(ExtensibilityGlobals) = postSolution
		SolutionGuid = {D971F513-59BE-41A0-ABD9-D2C39C691E39}
	EndGlobalSection
EndGlobal
